
Microsoft Visual Studio Solution File, Format Version 12.00
# Visual Studio Version 17
VisualStudioVersion = 17.0.31903.59
MinimumVisualStudioVersion = 10.0.40219.1
Project("{2150E333-8FDC-42A3-9474-1A3956D46DE8}") = "src", "src", "{827E0CD3-B72D-47B6-A68D-7590B98EB39B}"
EndProject
Project("{FAE04EC0-301F-11D3-BF4B-00C04F79EFBC}") = "Swiftpay.Domain", "src\Swiftpay.Domain\Swiftpay.Domain.csproj", "{98F707BB-78C6-4ED2-BE3D-90C9F553A4F9}"
EndProject
Project("{FAE04EC0-301F-11D3-BF4B-00C04F79EFBC}") = "Swiftpay.Application", "src\Swiftpay.Application\Swiftpay.Application.csproj", "{33966751-CC4D-4BD4-949A-CB34BD99DD1F}"
EndProject
Project("{FAE04EC0-301F-11D3-BF4B-00C04F79EFBC}") = "Swiftpay.Infrastructure", "src\Swiftpay.Infrastructure\Swiftpay.Infrastructure.csproj", "{14D95A44-97F0-441B-B531-4E3244B7C208}"
EndProject
Project("{FAE04EC0-301F-11D3-BF4B-00C04F79EFBC}") = "Swiftpay.WebApi", "src\Swiftpay.WebApi\Swiftpay.WebApi.csproj", "{F5B28BFE-92F5-44B4-9E4F-670170C1EF39}"
EndProject
Project("{2150E333-8FDC-42A3-9474-1A3956D46DE8}") = "tests", "tests", "{0AB3BF05-4346-4AA6-1389-037BE0695223}"
EndProject
Project("{FAE04EC0-301F-11D3-BF4B-00C04F79EFBC}") = "Swiftpay.Domain.Tests", "tests\Swiftpay.Domain.Tests\Swiftpay.Domain.Tests.csproj", "{7D76B1CA-C5DA-4B9F-B3BF-45F850E828A2}"
EndProject
Project("{FAE04EC0-301F-11D3-BF4B-00C04F79EFBC}") = "Swiftpay.Application.Tests", "tests\Swiftpay.Application.Tests\Swiftpay.Application.Tests.csproj", "{348B6217-B0D7-40F1-83D9-7D84D2AFA0C8}"
EndProject
Project("{FAE04EC0-301F-11D3-BF4B-00C04F79EFBC}") = "Swiftpay.Infrastructure.Tests", "tests\Swiftpay.Infrastructure.Tests\Swiftpay.Infrastructure.Tests.csproj", "{888B4861-14B9-413A-8DF1-A7055B21650B}"
EndProject
Global
	GlobalSection(SolutionConfigurationPlatforms) = preSolution
		Debug|Any CPU = Debug|Any CPU
		Debug|x64 = Debug|x64
		Debug|x86 = Debug|x86
		Release|Any CPU = Release|Any CPU
		Release|x64 = Release|x64
		Release|x86 = Release|x86
	EndGlobalSection
	GlobalSection(ProjectConfigurationPlatforms) = postSolution
		{98F707BB-78C6-4ED2-BE3D-90C9F553A4F9}.Debug|Any CPU.ActiveCfg = Debug|Any CPU
		{98F707BB-78C6-4ED2-BE3D-90C9F553A4F9}.Debug|Any CPU.Build.0 = Debug|Any CPU
		{98F707BB-78C6-4ED2-BE3D-90C9F553A4F9}.Debug|x64.ActiveCfg = Debug|Any CPU
		{98F707BB-78C6-4ED2-BE3D-90C9F553A4F9}.Debug|x64.Build.0 = Debug|Any CPU
		{98F707BB-78C6-4ED2-BE3D-90C9F553A4F9}.Debug|x86.ActiveCfg = Debug|Any CPU
		{98F707BB-78C6-4ED2-BE3D-90C9F553A4F9}.Debug|x86.Build.0 = Debug|Any CPU
		{98F707BB-78C6-4ED2-BE3D-90C9F553A4F9}.Release|Any CPU.ActiveCfg = Release|Any CPU
		{98F707BB-78C6-4ED2-BE3D-90C9F553A4F9}.Release|Any CPU.Build.0 = Release|Any CPU
		{98F707BB-78C6-4ED2-BE3D-90C9F553A4F9}.Release|x64.ActiveCfg = Release|Any CPU
		{98F707BB-78C6-4ED2-BE3D-90C9F553A4F9}.Release|x64.Build.0 = Release|Any CPU
		{98F707BB-78C6-4ED2-BE3D-90C9F553A4F9}.Release|x86.ActiveCfg = Release|Any CPU
		{98F707BB-78C6-4ED2-BE3D-90C9F553A4F9}.Release|x86.Build.0 = Release|Any CPU
		{33966751-CC4D-4BD4-949A-CB34BD99DD1F}.Debug|Any CPU.ActiveCfg = Debug|Any CPU
		{33966751-CC4D-4BD4-949A-CB34BD99DD1F}.Debug|Any CPU.Build.0 = Debug|Any CPU
		{33966751-CC4D-4BD4-949A-CB34BD99DD1F}.Debug|x64.ActiveCfg = Debug|Any CPU
		{33966751-CC4D-4BD4-949A-CB34BD99DD1F}.Debug|x64.Build.0 = Debug|Any CPU
		{33966751-CC4D-4BD4-949A-CB34BD99DD1F}.Debug|x86.ActiveCfg = Debug|Any CPU
		{33966751-CC4D-4BD4-949A-CB34BD99DD1F}.Debug|x86.Build.0 = Debug|Any CPU
		{33966751-CC4D-4BD4-949A-CB34BD99DD1F}.Release|Any CPU.ActiveCfg = Release|Any CPU
		{33966751-CC4D-4BD4-949A-CB34BD99DD1F}.Release|Any CPU.Build.0 = Release|Any CPU
		{33966751-CC4D-4BD4-949A-CB34BD99DD1F}.Release|x64.ActiveCfg = Release|Any CPU
		{33966751-CC4D-4BD4-949A-CB34BD99DD1F}.Release|x64.Build.0 = Release|Any CPU
		{33966751-CC4D-4BD4-949A-CB34BD99DD1F}.Release|x86.ActiveCfg = Release|Any CPU
		{33966751-CC4D-4BD4-949A-CB34BD99DD1F}.Release|x86.Build.0 = Release|Any CPU
		{14D95A44-97F0-441B-B531-4E3244B7C208}.Debug|Any CPU.ActiveCfg = Debug|Any CPU
		{14D95A44-97F0-441B-B531-4E3244B7C208}.Debug|Any CPU.Build.0 = Debug|Any CPU
		{14D95A44-97F0-441B-B531-4E3244B7C208}.Debug|x64.ActiveCfg = Debug|Any CPU
		{14D95A44-97F0-441B-B531-4E3244B7C208}.Debug|x64.Build.0 = Debug|Any CPU
		{14D95A44-97F0-441B-B531-4E3244B7C208}.Debug|x86.ActiveCfg = Debug|Any CPU
		{14D95A44-97F0-441B-B531-4E3244B7C208}.Debug|x86.Build.0 = Debug|Any CPU
		{14D95A44-97F0-441B-B531-4E3244B7C208}.Release|Any CPU.ActiveCfg = Release|Any CPU
		{14D95A44-97F0-441B-B531-4E3244B7C208}.Release|Any CPU.Build.0 = Release|Any CPU
		{14D95A44-97F0-441B-B531-4E3244B7C208}.Release|x64.ActiveCfg = Release|Any CPU
		{14D95A44-97F0-441B-B531-4E3244B7C208}.Release|x64.Build.0 = Release|Any CPU
		{14D95A44-97F0-441B-B531-4E3244B7C208}.Release|x86.ActiveCfg = Release|Any CPU
		{14D95A44-97F0-441B-B531-4E3244B7C208}.Release|x86.Build.0 = Release|Any CPU
		{F5B28BFE-92F5-44B4-9E4F-670170C1EF39}.Debug|Any CPU.ActiveCfg = Debug|Any CPU
		{F5B28BFE-92F5-44B4-9E4F-670170C1EF39}.Debug|Any CPU.Build.0 = Debug|Any CPU
		{F5B28BFE-92F5-44B4-9E4F-670170C1EF39}.Debug|x64.ActiveCfg = Debug|Any CPU
		{F5B28BFE-92F5-44B4-9E4F-670170C1EF39}.Debug|x64.Build.0 = Debug|Any CPU
		{F5B28BFE-92F5-44B4-9E4F-670170C1EF39}.Debug|x86.ActiveCfg = Debug|Any CPU
		{F5B28BFE-92F5-44B4-9E4F-670170C1EF39}.Debug|x86.Build.0 = Debug|Any CPU
		{F5B28BFE-92F5-44B4-9E4F-670170C1EF39}.Release|Any CPU.ActiveCfg = Release|Any CPU
		{F5B28BFE-92F5-44B4-9E4F-670170C1EF39}.Release|Any CPU.Build.0 = Release|Any CPU
		{F5B28BFE-92F5-44B4-9E4F-670170C1EF39}.Release|x64.ActiveCfg = Release|Any CPU
		{F5B28BFE-92F5-44B4-9E4F-670170C1EF39}.Release|x64.Build.0 = Release|Any CPU
		{F5B28BFE-92F5-44B4-9E4F-670170C1EF39}.Release|x86.ActiveCfg = Release|Any CPU
		{F5B28BFE-92F5-44B4-9E4F-670170C1EF39}.Release|x86.Build.0 = Release|Any CPU
		{7D76B1CA-C5DA-4B9F-B3BF-45F850E828A2}.Debug|Any CPU.ActiveCfg = Debug|Any CPU
		{7D76B1CA-C5DA-4B9F-B3BF-45F850E828A2}.Debug|Any CPU.Build.0 = Debug|Any CPU
		{7D76B1CA-C5DA-4B9F-B3BF-45F850E828A2}.Debug|x64.ActiveCfg = Debug|Any CPU
		{7D76B1CA-C5DA-4B9F-B3BF-45F850E828A2}.Debug|x64.Build.0 = Debug|Any CPU
		{7D76B1CA-C5DA-4B9F-B3BF-45F850E828A2}.Debug|x86.ActiveCfg = Debug|Any CPU
		{7D76B1CA-C5DA-4B9F-B3BF-45F850E828A2}.Debug|x86.Build.0 = Debug|Any CPU
		{7D76B1CA-C5DA-4B9F-B3BF-45F850E828A2}.Release|Any CPU.ActiveCfg = Release|Any CPU
		{7D76B1CA-C5DA-4B9F-B3BF-45F850E828A2}.Release|Any CPU.Build.0 = Release|Any CPU
		{7D76B1CA-C5DA-4B9F-B3BF-45F850E828A2}.Release|x64.ActiveCfg = Release|Any CPU
		{7D76B1CA-C5DA-4B9F-B3BF-45F850E828A2}.Release|x64.Build.0 = Release|Any CPU
		{7D76B1CA-C5DA-4B9F-B3BF-45F850E828A2}.Release|x86.ActiveCfg = Release|Any CPU
		{7D76B1CA-C5DA-4B9F-B3BF-45F850E828A2}.Release|x86.Build.0 = Release|Any CPU
		{348B6217-B0D7-40F1-83D9-7D84D2AFA0C8}.Debug|Any CPU.ActiveCfg = Debug|Any CPU
		{348B6217-B0D7-40F1-83D9-7D84D2AFA0C8}.Debug|Any CPU.Build.0 = Debug|Any CPU
		{348B6217-B0D7-40F1-83D9-7D84D2AFA0C8}.Debug|x64.ActiveCfg = Debug|Any CPU
		{348B6217-B0D7-40F1-83D9-7D84D2AFA0C8}.Debug|x64.Build.0 = Debug|Any CPU
		{348B6217-B0D7-40F1-83D9-7D84D2AFA0C8}.Debug|x86.ActiveCfg = Debug|Any CPU
		{348B6217-B0D7-40F1-83D9-7D84D2AFA0C8}.Debug|x86.Build.0 = Debug|Any CPU
		{348B6217-B0D7-40F1-83D9-7D84D2AFA0C8}.Release|Any CPU.ActiveCfg = Release|Any CPU
		{348B6217-B0D7-40F1-83D9-7D84D2AFA0C8}.Release|Any CPU.Build.0 = Release|Any CPU
		{348B6217-B0D7-40F1-83D9-7D84D2AFA0C8}.Release|x64.ActiveCfg = Release|Any CPU
		{348B6217-B0D7-40F1-83D9-7D84D2AFA0C8}.Release|x64.Build.0 = Release|Any CPU
		{348B6217-B0D7-40F1-83D9-7D84D2AFA0C8}.Release|x86.ActiveCfg = Release|Any CPU
		{348B6217-B0D7-40F1-83D9-7D84D2AFA0C8}.Release|x86.Build.0 = Release|Any CPU
		{888B4861-14B9-413A-8DF1-A7055B21650B}.Debug|Any CPU.ActiveCfg = Debug|Any CPU
		{888B4861-14B9-413A-8DF1-A7055B21650B}.Debug|Any CPU.Build.0 = Debug|Any CPU
		{888B4861-14B9-413A-8DF1-A7055B21650B}.Debug|x64.ActiveCfg = Debug|Any CPU
		{888B4861-14B9-413A-8DF1-A7055B21650B}.Debug|x64.Build.0 = Debug|Any CPU
		{888B4861-14B9-413A-8DF1-A7055B21650B}.Debug|x86.ActiveCfg = Debug|Any CPU
		{888B4861-14B9-413A-8DF1-A7055B21650B}.Debug|x86.Build.0 = Debug|Any CPU
		{888B4861-14B9-413A-8DF1-A7055B21650B}.Release|Any CPU.ActiveCfg = Release|Any CPU
		{888B4861-14B9-413A-8DF1-A7055B21650B}.Release|Any CPU.Build.0 = Release|Any CPU
		{888B4861-14B9-413A-8DF1-A7055B21650B}.Release|x64.ActiveCfg = Release|Any CPU
		{888B4861-14B9-413A-8DF1-A7055B21650B}.Release|x64.Build.0 = Release|Any CPU
		{888B4861-14B9-413A-8DF1-A7055B21650B}.Release|x86.ActiveCfg = Release|Any CPU
		{888B4861-14B9-413A-8DF1-A7055B21650B}.Release|x86.Build.0 = Release|Any CPU
	EndGlobalSection
	GlobalSection(SolutionProperties) = preSolution
		HideSolutionNode = FALSE
	EndGlobalSection
	GlobalSection(NestedProjects) = preSolution
		{98F707BB-78C6-4ED2-BE3D-90C9F553A4F9} = {827E0CD3-B72D-47B6-A68D-7590B98EB39B}
		{33966751-CC4D-4BD4-949A-CB34BD99DD1F} = {827E0CD3-B72D-47B6-A68D-7590B98EB39B}
		{14D95A44-97F0-441B-B531-4E3244B7C208} = {827E0CD3-B72D-47B6-A68D-7590B98EB39B}
		{F5B28BFE-92F5-44B4-9E4F-670170C1EF39} = {827E0CD3-B72D-47B6-A68D-7590B98EB39B}
		{7D76B1CA-C5DA-4B9F-B3BF-45F850E828A2} = {0AB3BF05-4346-4AA6-1389-037BE0695223}
		{348B6217-B0D7-40F1-83D9-7D84D2AFA0C8} = {0AB3BF05-4346-4AA6-1389-037BE0695223}
		{888B4861-14B9-413A-8DF1-A7055B21650B} = {0AB3BF05-4346-4AA6-1389-037BE0695223}
	EndGlobalSection
EndGlobal
