Microsoft Visual Studio Solution File, Format Version 12.00
# Visual Studio Version 17
VisualStudioVersion = 17.5.2.0
MinimumVisualStudioVersion = 10.0.40219.1
Project("{FAE04EC0-301F-11D3-BF4B-00C04F79EFBC}") = "safefy-api-core", "safefy-api-core.csproj", "{988A72B7-2193-0D21-E367-FFE43D6468E4}"
EndProject
Global
	GlobalSection(SolutionConfigurationPlatforms) = preSolution
		Debug|Any CPU = Debug|Any CPU
		Release|Any CPU = Release|Any CPU
	EndGlobalSection
	GlobalSection(ProjectConfigurationPlatforms) = postSolution
		{988A72B7-2193-0D21-E367-FFE43D6468E4}.Debug|Any CPU.ActiveCfg = Debug|Any CPU
		{988A72B7-2193-0D21-E367-FFE43D6468E4}.Debug|Any CPU.Build.0 = Debug|Any CPU
		{988A72B7-2193-0D21-E367-FFE43D6468E4}.Release|Any CPU.ActiveCfg = Release|Any CPU
		{988A72B7-2193-0D21-E367-FFE43D6468E4}.Release|Any CPU.Build.0 = Release|Any CPU
	EndGlobalSection
	GlobalSection(SolutionProperties) = preSolution
		HideSolutionNode = FALSE
	EndGlobalSection
	GlobalSection(ExtensibilityGlobals) = postSolution
		SolutionGuid = {3104AF77-637D-4982-808B-AB20D890A688}
	EndGlobalSection
EndGlobal
